GEM
  remote: https://rubygems.org/
  specs:
    anthropic (1.36.0)
      cgi
      connection_pool
    base64 (0.3.0)
    cgi (0.5.1)
    connection_pool (3.0.2)
    dotenv (3.2.0)
    eventmachine (1.2.7)
    faraday (2.14.1)
      faraday-net_http (>= 2.0, < 3.5)
      json
      logger
    faraday-mashify (1.0.2)
      faraday (~> 2.0)
      hashie
    faraday-multipart (1.2.0)
      multipart-post (~> 2.0)
    faraday-net_http (3.4.2)
      net-http (~> 0.5)
    faye-websocket (0.12.0)
      eventmachine (>= 0.12.0)
      websocket-driver (>= 0.8.0)
    gli (2.22.2)
      ostruct
    hashie (5.1.0)
      logger
    json (2.19.4)
    logger (1.7.0)
    multipart-post (2.4.1)
    net-http (0.9.1)
      uri (>= 0.11.1)
    ostruct (0.6.3)
    slack-ruby-client (3.1.0)
      faraday (>= 2.0.1)
      faraday-mashify
      faraday-multipart
      gli
      hashie
      logger
    uri (1.1.1)
    websocket-driver (0.8.0)
      base64
      websocket-extensions (>= 0.1.0)
    websocket-extensions (0.1.5)
    yaml (0.4.0)

PLATFORMS
  arm64-darwin-24
  ruby

DEPENDENCIES
  anthropic
  dotenv
  eventmachine
  faye-websocket
  slack-ruby-client (~> 3.0)
  yaml

BUNDLED WITH
   2.6.3
